// !$*UTF8*$!
{
	archiveVersion = 1;
	classes = {
	};
	objectVersion = 50;
	objects = {

/* Begin PBXBuildFile section */
		270457BF22D101B500258912 /* AppDelegate.swift in Sources */ = {isa = PBXBuildFile; fileRef = 270457BE22D101B500258912 /* AppDelegate.swift */; };
		270457C622D101B600258912 /* Assets.xcassets in Resources */ = {isa = PBXBuildFile; fileRef = 270457C522D101B600258912 /* Assets.xcassets */; };
		270457C922D101B600258912 /* LaunchScreen.storyboard in Resources */ = {isa = PBXBuildFile; fileRef = 270457C722D101B600258912 /* LaunchScreen.storyboard */; };
		270457D422D101B600258912 /* PokedexDemoTests.swift in Sources */ = {isa = PBXBuildFile; fileRef = 270457D322D101B600258912 /* PokedexDemoTests.swift */; };
		270457E622D113D200258912 /* WelcomeCoordinatorTests.swift in Sources */ = {isa = PBXBuildFile; fileRef = 270457E522D113D200258912 /* WelcomeCoordinatorTests.swift */; };
		270457E822D1148B00258912 /* WelcomeCoordinator.swift in Sources */ = {isa = PBXBuildFile; fileRef = 270457E722D1148B00258912 /* WelcomeCoordinator.swift */; };
		270457EA22D1848600258912 /* WelcomeViewController.swift in Sources */ = {isa = PBXBuildFile; fileRef = 270457E922D1848600258912 /* WelcomeViewController.swift */; };
		5F79DBF7F7543CDA7B048F20 /* Pods_PokedexDemoTests.framework in Frameworks */ = {isa = PBXBuildFile; fileRef = 53003C8EFB66A45462BE529C /* Pods_PokedexDemoTests.framework */; };
		A5E6CA497058BD03BB554389 /* Pods_PokedexDemo.framework in Frameworks */ = {isa = PBXBuildFile; fileRef = A5CE4E8BF7C117542DF0F674 /* Pods_PokedexDemo.framework */; };
/* End PBXBuildFile section */

/* Begin PBXContainerItemProxy section */
		270457D022D101B600258912 /* PBXContainerItemProxy */ = {
			isa = PBXContainerItemProxy;
			containerPortal = 270457B322D101B500258912 /* Project object */;
			proxyType = 1;
			remoteGlobalIDString = 270457BA22D101B500258912;
			remoteInfo = PokedexDemo;
		};
/* End PBXContainerItemProxy section */

/* Begin PBXFileReference section */
		270457BB22D101B500258912 /* PokedexDemo.app */ = {isa = PBXFileReference; explicitFileType = wrapper.application; includeInIndex = 0; path = PokedexDemo.app; sourceTree = BUILT_PRODUCTS_DIR; };
		270457BE22D101B500258912 /* AppDelegate.swift */ = {isa = PBXFileReference; lastKnownFileType = sourcecode.swift; path = AppDelegate.swift; sourceTree = "<group>"; };
		270457C522D101B600258912 /* Assets.xcassets */ = {isa = PBXFileReference; lastKnownFileType = folder.assetcatalog; path = Assets.xcassets; sourceTree = "<group>"; };
		270457C822D101B600258912 /* Base */ = {isa = PBXFileReference; lastKnownFileType = file.storyboard; name = Base; path = Base.lproj/LaunchScreen.storyboard; sourceTree = "<group>"; };
		270457CA22D101B600258912 /* Info.plist */ = {isa = PBXFileReference; lastKnownFileType = text.plist.xml; path = Info.plist; sourceTree = "<group>"; };
		270457CF22D101B600258912 /* PokedexDemoTests.xctest */ = {isa = PBXFileReference; explicitFileType = wrapper.cfbundle; includeInIndex = 0; path = PokedexDemoTests.xctest; sourceTree = BUILT_PRODUCTS_DIR; };
		270457D322D101B600258912 /* PokedexDemoTests.swift */ = {isa = PBXFileReference; lastKnownFileType = sourcecode.swift; path = PokedexDemoTests.swift; sourceTree = "<group>"; };
		270457D522D101B600258912 /* Info.plist */ = {isa = PBXFileReference; lastKnownFileType = text.plist.xml; path = Info.plist; sourceTree = "<group>"; };
		270457E522D113D200258912 /* WelcomeCoordinatorTests.swift */ = {isa = PBXFileReference; lastKnownFileType = sourcecode.swift; path = WelcomeCoordinatorTests.swift; sourceTree = "<group>"; };
		270457E722D1148B00258912 /* WelcomeCoordinator.swift */ = {isa = PBXFileReference; lastKnownFileType = sourcecode.swift; path = WelcomeCoordinator.swift; sourceTree = "<group>"; };
		270457E922D1848600258912 /* WelcomeViewController.swift */ = {isa = PBXFileReference; lastKnownFileType = sourcecode.swift; path = WelcomeViewController.swift; sourceTree = "<group>"; };
		53003C8EFB66A45462BE529C /* Pods_PokedexDemoTests.framework */ = {isa = PBXFileReference; explicitFileType = wrapper.framework; includeInIndex = 0; path = Pods_PokedexDemoTests.framework; sourceTree = BUILT_PRODUCTS_DIR; };
		5439F0BDB84E2403E2035F48 /* Pods-PokedexDemo.release.xcconfig */ = {isa = PBXFileReference; includeInIndex = 1; lastKnownFileType = text.xcconfig; name = "Pods-PokedexDemo.release.xcconfig"; path = "Pods/Target Support Files/Pods-PokedexDemo/Pods-PokedexDemo.release.xcconfig"; sourceTree = "<group>"; };
		7547A5D2414B23B1C0AB88C8 /* Pods-PokedexDemo.debug.xcconfig */ = {isa = PBXFileReference; includeInIndex = 1; lastKnownFileType = text.xcconfig; name = "Pods-PokedexDemo.debug.xcconfig"; path = "Pods/Target Support Files/Pods-PokedexDemo/Pods-PokedexDemo.debug.xcconfig"; sourceTree = "<group>"; };
		A5CE4E8BF7C117542DF0F674 /* Pods_PokedexDemo.framework */ = {isa = PBXFileReference; explicitFileType = wrapper.framework; includeInIndex = 0; path = Pods_PokedexDemo.framework; sourceTree = BUILT_PRODUCTS_DIR; };
		B8FF81D63B75BCBA1A593268 /* Pods-PokedexDemoTests.debug.xcconfig */ = {isa = PBXFileReference; includeInIndex = 1; lastKnownFileType = text.xcconfig; name = "Pods-PokedexDemoTests.debug.xcconfig"; path = "Pods/Target Support Files/Pods-PokedexDemoTests/Pods-PokedexDemoTests.debug.xcconfig"; sourceTree = "<group>"; };
		D17E7DD6E89320796E9F7709 /* Pods-PokedexDemoTests.release.xcconfig */ = {isa = PBXFileReference; includeInIndex = 1; lastKnownFileType = text.xcconfig; name = "Pods-PokedexDemoTests.release.xcconfig"; path = "Pods/Target Support Files/Pods-PokedexDemoTests/Pods-PokedexDemoTests.release.xcconfig"; sourceTree = "<group>"; };
/* End PBXFileReference section */

/* Begin PBXFrameworksBuildPhase section */
		270457B822D101B500258912 /* Frameworks */ = {
			isa = PBXFrameworksBuildPhase;
			buildActionMask = 2147483647;
			files = (
				A5E6CA497058BD03BB554389 /* Pods_PokedexDemo.framework in Frameworks */,
			);
			runOnlyForDeploymentPostprocessing = 0;
		};
		270457CC22D101B600258912 /* Frameworks */ = {
			isa = PBXFrameworksBuildPhase;
			buildActionMask = 2147483647;
			files = (
				5F79DBF7F7543CDA7B048F20 /* Pods_PokedexDemoTests.framework in Frameworks */,
			);
			runOnlyForDeploymentPostprocessing = 0;
		};
/* End PBXFrameworksBuildPhase section */

/* Begin PBXGroup section */
		270457B222D101B500258912 = {
			isa = PBXGroup;
			children = (
				270457BD22D101B500258912 /* PokedexDemo */,
				270457D222D101B600258912 /* PokedexDemoTests */,
				270457BC22D101B500258912 /* Products */,
				C67D8633EABD1435F407F690 /* Pods */,
				F6535ED24DB410D1CA10692F /* Frameworks */,
			);
			sourceTree = "<group>";
		};
		270457BC22D101B500258912 /* Products */ = {
			isa = PBXGroup;
			children = (
				270457BB22D101B500258912 /* PokedexDemo.app */,
				270457CF22D101B600258912 /* PokedexDemoTests.xctest */,
			);
			name = Products;
			sourceTree = "<group>";
		};
		270457BD22D101B500258912 /* PokedexDemo */ = {
			isa = PBXGroup;
			children = (
				270457DE22D10BC000258912 /* welcome */,
				270457BE22D101B500258912 /* AppDelegate.swift */,
				270457C522D101B600258912 /* Assets.xcassets */,
				270457C722D101B600258912 /* LaunchScreen.storyboard */,
				270457CA22D101B600258912 /* Info.plist */,
			);
			path = PokedexDemo;
			sourceTree = "<group>";
		};
		270457D222D101B600258912 /* PokedexDemoTests */ = {
			isa = PBXGroup;
			children = (
				270457E222D10BF400258912 /* Welcome */,
				270457D322D101B600258912 /* PokedexDemoTests.swift */,
				270457D522D101B600258912 /* Info.plist */,
			);
			path = PokedexDemoTests;
			sourceTree = "<group>";
		};
		270457DE22D10BC000258912 /* welcome */ = {
			isa = PBXGroup;
			children = (
				270457E122D10BDF00258912 /* Coordinator */,
				270457E022D10BD200258912 /* ViewController */,
				270457DF22D10BCB00258912 /* ViewModel */,
			);
			path = welcome;
			sourceTree = "<group>";
		};
		270457DF22D10BCB00258912 /* ViewModel */ = {
			isa = PBXGroup;
			children = (
			);
			path = ViewModel;
			sourceTree = "<group>";
		};
		270457E022D10BD200258912 /* ViewController */ = {
			isa = PBXGroup;
			children = (
				270457E922D1848600258912 /* WelcomeViewController.swift */,
			);
			path = ViewController;
			sourceTree = "<group>";
		};
		270457E122D10BDF00258912 /* Coordinator */ = {
			isa = PBXGroup;
			children = (
				270457E722D1148B00258912 /* WelcomeCoordinator.swift */,
			);
			path = Coordinator;
			sourceTree = "<group>";
		};
		270457E222D10BF400258912 /* Welcome */ = {
			isa = PBXGroup;
			children = (
				270457E522D113D200258912 /* WelcomeCoordinatorTests.swift */,
			);
			path = Welcome;
			sourceTree = "<group>";
		};
		C67D8633EABD1435F407F690 /* Pods */ = {
			isa = PBXGroup;
			children = (
				7547A5D2414B23B1C0AB88C8 /* Pods-PokedexDemo.debug.xcconfig */,
				5439F0BDB84E2403E2035F48 /* Pods-PokedexDemo.release.xcconfig */,
				B8FF81D63B75BCBA1A593268 /* Pods-PokedexDemoTests.debug.xcconfig */,
				D17E7DD6E89320796E9F7709 /* Pods-PokedexDemoTests.release.xcconfig */,
			);
			name = Pods;
			sourceTree = "<group>";
		};
		F6535ED24DB410D1CA10692F /* Frameworks */ = {
			isa = PBXGroup;
			children = (
				A5CE4E8BF7C117542DF0F674 /* Pods_PokedexDemo.framework */,
				53003C8EFB66A45462BE529C /* Pods_PokedexDemoTests.framework */,
			);
			name = Frameworks;
			sourceTree = "<group>";
		};
/* End PBXGroup section */

/* Begin PBXNativeTarget section */
		270457BA22D101B500258912 /* PokedexDemo */ = {
			isa = PBXNativeTarget;
			buildConfigurationList = 270457D822D101B600258912 /* Build configuration list for PBXNativeTarget "PokedexDemo" */;
			buildPhases = (
				5839E2BF2A2F96781D50940B /* [CP] Check Pods Manifest.lock */,
				270457B722D101B500258912 /* Sources */,
				270457B822D101B500258912 /* Frameworks */,
				270457B922D101B500258912 /* Resources */,
				63E4B4C9B098750893F8270F /* [CP] Embed Pods Frameworks */,
			);
			buildRules = (
			);
			dependencies = (
			);
			name = PokedexDemo;
			productName = PokedexDemo;
			productReference = 270457BB22D101B500258912 /* PokedexDemo.app */;
			productType = "com.apple.product-type.application";
		};
		270457CE22D101B600258912 /* PokedexDemoTests */ = {
			isa = PBXNativeTarget;
			buildConfigurationList = 270457DB22D101B600258912 /* Build configuration list for PBXNativeTarget "PokedexDemoTests" */;
			buildPhases = (
				DA6471C1BBE86A3611F795F7 /* [CP] Check Pods Manifest.lock */,
				270457CB22D101B600258912 /* Sources */,
				270457CC22D101B600258912 /* Frameworks */,
				270457CD22D101B600258912 /* Resources */,
				0CCAC242402B9819E82EA13E /* [CP] Embed Pods Frameworks */,
			);
			buildRules = (
			);
			dependencies = (
				270457D122D101B600258912 /* PBXTargetDependency */,
			);
			name = PokedexDemoTests;
			productName = PokedexDemoTests;
			productReference = 270457CF22D101B600258912 /* PokedexDemoTests.xctest */;
			productType = "com.apple.product-type.bundle.unit-test";
		};
/* End PBXNativeTarget section */

/* Begin PBXProject section */
		270457B322D101B500258912 /* Project object */ = {
			isa = PBXProject;
			attributes = {
				LastSwiftUpdateCheck = 1020;
				LastUpgradeCheck = 1020;
				ORGANIZATIONNAME = "Sebastian Guerrero F";
				TargetAttributes = {
					270457BA22D101B500258912 = {
						CreatedOnToolsVersion = 10.2.1;
					};
					270457CE22D101B600258912 = {
						CreatedOnToolsVersion = 10.2.1;
						TestTargetID = 270457BA22D101B500258912;
					};
				};
			};
			buildConfigurationList = 270457B622D101B500258912 /* Build configuration list for PBXProject "PokedexDemo" */;
			compatibilityVersion = "Xcode 9.3";
			developmentRegion = en;
			hasScannedForEncodings = 0;
			knownRegions = (
				en,
				Base,
			);
			mainGroup = 270457B222D101B500258912;
			productRefGroup = 270457BC22D101B500258912 /* Products */;
			projectDirPath = "";
			projectRoot = "";
			targets = (
				270457BA22D101B500258912 /* PokedexDemo */,
				270457CE22D101B600258912 /* PokedexDemoTests */,
			);
		};
/* End PBXProject section */

/* Begin PBXResourcesBuildPhase section */
		270457B922D101B500258912 /* Resources */ = {
			isa = PBXResourcesBuildPhase;
			buildActionMask = 2147483647;
			files = (
				270457C922D101B600258912 /* LaunchScreen.storyboard in Resources */,
				270457C622D101B600258912 /* Assets.xcassets in Resources */,
			);
			runOnlyForDeploymentPostprocessing = 0;
		};
		270457CD22D101B600258912 /* Resources */ = {
			isa = PBXResourcesBuildPhase;
			buildActionMask = 2147483647;
			files = (
			);
			runOnlyForDeploymentPostprocessing = 0;
		};
/* End PBXResourcesBuildPhase section */

/* Begin PBXShellScriptBuildPhase section */
		0CCAC242402B9819E82EA13E /* [CP] Embed Pods Frameworks */ = {
			isa = PBXShellScriptBuildPhase;
			buildActionMask = 2147483647;
			files = (
			);
			inputFileListPaths = (
			);
			inputPaths = (
				"${SRCROOT}/Pods/Target Support Files/Pods-PokedexDemoTests/Pods-PokedexDemoTests-frameworks.sh",
				"${BUILT_PRODUCTS_DIR}/RxSwift/RxSwift.framework",
				"${BUILT_PRODUCTS_DIR}/Cuckoo/Cuckoo.framework",
				"${BUILT_PRODUCTS_DIR}/Mockingjay/Mockingjay.framework",
				"${BUILT_PRODUCTS_DIR}/Nimble/Nimble.framework",
				"${BUILT_PRODUCTS_DIR}/Quick/Quick.framework",
				"${BUILT_PRODUCTS_DIR}/RxBlocking/RxBlocking.framework",
				"${BUILT_PRODUCTS_DIR}/RxNimble/RxNimble.framework",
				"${BUILT_PRODUCTS_DIR}/RxTest/RxTest.framework",
				"${BUILT_PRODUCTS_DIR}/URITemplate/URITemplate.framework",
			);
			name = "[CP] Embed Pods Frameworks";
			outputFileListPaths = (
			);
			outputPaths = (
				"${TARGET_BUILD_DIR}/${FRAMEWORKS_FOLDER_PATH}/RxSwift.framework",
				"${TARGET_BUILD_DIR}/${FRAMEWORKS_FOLDER_PATH}/Cuckoo.framework",
				"${TARGET_BUILD_DIR}/${FRAMEWORKS_FOLDER_PATH}/Mockingjay.framework",
				"${TARGET_BUILD_DIR}/${FRAMEWORKS_FOLDER_PATH}/Nimble.framework",
				"${TARGET_BUILD_DIR}/${FRAMEWORKS_FOLDER_PATH}/Quick.framework",
				"${TARGET_BUILD_DIR}/${FRAMEWORKS_FOLDER_PATH}/RxBlocking.framework",
				"${TARGET_BUILD_DIR}/${FRAMEWORKS_FOLDER_PATH}/RxNimble.framework",
				"${TARGET_BUILD_DIR}/${FRAMEWORKS_FOLDER_PATH}/RxTest.framework",
				"${TARGET_BUILD_DIR}/${FRAMEWORKS_FOLDER_PATH}/URITemplate.framework",
			);
			runOnlyForDeploymentPostprocessing = 0;
			shellPath = /bin/sh;
			shellScript = "\"${SRCROOT}/Pods/Target Support Files/Pods-PokedexDemoTests/Pods-PokedexDemoTests-frameworks.sh\"\n";
			showEnvVarsInLog = 0;
		};
		5839E2BF2A2F96781D50940B /* [CP] Check Pods Manifest.lock */ = {
			isa = PBXShellScriptBuildPhase;
			buildActionMask = 2147483647;
			files = (
			);
			inputFileListPaths = (
			);
			inputPaths = (
				"${PODS_PODFILE_DIR_PATH}/Podfile.lock",
				"${PODS_ROOT}/Manifest.lock",
			);
			name = "[CP] Check Pods Manifest.lock";
			outputFileListPaths = (
			);
			outputPaths = (
				"$(DERIVED_FILE_DIR)/Pods-PokedexDemo-checkManifestLockResult.txt",
			);
			runOnlyForDeploymentPostprocessing = 0;
			shellPath = /bin/sh;
			shellScript = "diff \"${PODS_PODFILE_DIR_PATH}/Podfile.lock\" \"${PODS_ROOT}/Manifest.lock\" > /dev/null\nif [ $? != 0 ] ; then\n    # print error to STDERR\n    echo \"error: The sandbox is not in sync with the Podfile.lock. Run 'pod install' or update your CocoaPods installation.\" >&2\n    exit 1\nfi\n# This output is used by Xcode 'outputs' to avoid re-running this script phase.\necho \"SUCCESS\" > \"${SCRIPT_OUTPUT_FILE_0}\"\n";
			showEnvVarsInLog = 0;
		};
		63E4B4C9B098750893F8270F /* [CP] Embed Pods Frameworks */ = {
			isa = PBXShellScriptBuildPhase;
			buildActionMask = 2147483647;
			files = (
			);
			inputFileListPaths = (
			);
			inputPaths = (
				"${SRCROOT}/Pods/Target Support Files/Pods-PokedexDemo/Pods-PokedexDemo-frameworks.sh",
				"${BUILT_PRODUCTS_DIR}/Action/Action.framework",
				"${BUILT_PRODUCTS_DIR}/Alamofire/Alamofire.framework",
				"${BUILT_PRODUCTS_DIR}/Differentiator/Differentiator.framework",
				"${BUILT_PRODUCTS_DIR}/Kingfisher/Kingfisher.framework",
				"${BUILT_PRODUCTS_DIR}/Moya/Moya.framework",
				"${BUILT_PRODUCTS_DIR}/Result/Result.framework",
				"${BUILT_PRODUCTS_DIR}/RxCocoa/RxCocoa.framework",
				"${BUILT_PRODUCTS_DIR}/RxDataSources/RxDataSources.framework",
				"${BUILT_PRODUCTS_DIR}/RxKingfisher/RxKingfisher.framework",
				"${BUILT_PRODUCTS_DIR}/RxSwift/RxSwift.framework",
				"${BUILT_PRODUCTS_DIR}/SnapKit/SnapKit.framework",
				"${BUILT_PRODUCTS_DIR}/Swinject/Swinject.framework",
				"${BUILT_PRODUCTS_DIR}/XCoordinator/XCoordinator.framework",
			);
			name = "[CP] Embed Pods Frameworks";
			outputFileListPaths = (
			);
			outputPaths = (
				"${TARGET_BUILD_DIR}/${FRAMEWORKS_FOLDER_PATH}/Action.framework",
				"${TARGET_BUILD_DIR}/${FRAMEWORKS_FOLDER_PATH}/Alamofire.framework",
				"${TARGET_BUILD_DIR}/${FRAMEWORKS_FOLDER_PATH}/Differentiator.framework",
				"${TARGET_BUILD_DIR}/${FRAMEWORKS_FOLDER_PATH}/Kingfisher.framework",
				"${TARGET_BUILD_DIR}/${FRAMEWORKS_FOLDER_PATH}/Moya.framework",
				"${TARGET_BUILD_DIR}/${FRAMEWORKS_FOLDER_PATH}/Result.framework",
				"${TARGET_BUILD_DIR}/${FRAMEWORKS_FOLDER_PATH}/RxCocoa.framework",
				"${TARGET_BUILD_DIR}/${FRAMEWORKS_FOLDER_PATH}/RxDataSources.framework",
				"${TARGET_BUILD_DIR}/${FRAMEWORKS_FOLDER_PATH}/RxKingfisher.framework",
				"${TARGET_BUILD_DIR}/${FRAMEWORKS_FOLDER_PATH}/RxSwift.framework",
				"${TARGET_BUILD_DIR}/${FRAMEWORKS_FOLDER_PATH}/SnapKit.framework",
				"${TARGET_BUILD_DIR}/${FRAMEWORKS_FOLDER_PATH}/Swinject.framework",
				"${TARGET_BUILD_DIR}/${FRAMEWORKS_FOLDER_PATH}/XCoordinator.framework",
			);
			runOnlyForDeploymentPostprocessing = 0;
			shellPath = /bin/sh;
			shellScript = "\"${SRCROOT}/Pods/Target Support Files/Pods-PokedexDemo/Pods-PokedexDemo-frameworks.sh\"\n";
			showEnvVarsInLog = 0;
		};
		DA6471C1BBE86A3611F795F7 /* [CP] Check Pods Manifest.lock */ = {
			isa = PBXShellScriptBuildPhase;
			buildActionMask = 2147483647;
			files = (
			);
			inputFileListPaths = (
			);
			inputPaths = (
				"${PODS_PODFILE_DIR_PATH}/Podfile.lock",
				"${PODS_ROOT}/Manifest.lock",
			);
			name = "[CP] Check Pods Manifest.lock";
			outputFileListPaths = (
			);
			outputPaths = (
				"$(DERIVED_FILE_DIR)/Pods-PokedexDemoTests-checkManifestLockResult.txt",
			);
			runOnlyForDeploymentPostprocessing = 0;
			shellPath = /bin/sh;
			shellScript = "diff \"${PODS_PODFILE_DIR_PATH}/Podfile.lock\" \"${PODS_ROOT}/Manifest.lock\" > /dev/null\nif [ $? != 0 ] ; then\n    # print error to STDERR\n    echo \"error: The sandbox is not in sync with the Podfile.lock. Run 'pod install' or update your CocoaPods installation.\" >&2\n    exit 1\nfi\n# This output is used by Xcode 'outputs' to avoid re-running this script phase.\necho \"SUCCESS\" > \"${SCRIPT_OUTPUT_FILE_0}\"\n";
			showEnvVarsInLog = 0;
		};
/* End PBXShellScriptBuildPhase section */

/* Begin PBXSourcesBuildPhase section */
		270457B722D101B500258912 /* Sources */ = {
			isa = PBXSourcesBuildPhase;
			buildActionMask = 2147483647;
			files = (
				270457EA22D1848600258912 /* WelcomeViewController.swift in Sources */,
				270457BF22D101B500258912 /* AppDelegate.swift in Sources */,
				270457E822D1148B00258912 /* WelcomeCoordinator.swift in Sources */,
			);
			runOnlyForDeploymentPostprocessing = 0;
		};
		270457CB22D101B600258912 /* Sources */ = {
			isa = PBXSourcesBuildPhase;
			buildActionMask = 2147483647;
			files = (
				270457E622D113D200258912 /* WelcomeCoordinatorTests.swift in Sources */,
				270457D422D101B600258912 /* PokedexDemoTests.swift in Sources */,
			);
			runOnlyForDeploymentPostprocessing = 0;
		};
/* End PBXSourcesBuildPhase section */

/* Begin PBXTargetDependency section */
		270457D122D101B600258912 /* PBXTargetDependency */ = {
			isa = PBXTargetDependency;
			target = 270457BA22D101B500258912 /* PokedexDemo */;
			targetProxy = 270457D022D101B600258912 /* PBXContainerItemProxy */;
		};
/* End PBXTargetDependency section */

/* Begin PBXVariantGroup section */
		270457C722D101B600258912 /* LaunchScreen.storyboard */ = {
			isa = PBXVariantGroup;
			children = (
				270457C822D101B600258912 /* Base */,
			);
			name = LaunchScreen.storyboard;
			sourceTree = "<group>";
		};
/* End PBXVariantGroup section */

/* Begin XCBuildConfiguration section */
		270457D622D101B600258912 /* Debug */ = {
			isa = XCBuildConfiguration;
			buildSettings = {
				ALWAYS_SEARCH_USER_PATHS = NO;
				CLANG_ANALYZER_NONNULL = YES;
				CLANG_ANALYZER_NUMBER_OBJECT_CONVERSION = YES_AGGRESSIVE;
				CLANG_CXX_LANGUAGE_STANDARD = "gnu++14";
				CLANG_CXX_LIBRARY = "libc++";
				CLANG_ENABLE_MODULES = YES;
				CLANG_ENABLE_OBJC_ARC = YES;
				CLANG_ENABLE_OBJC_WEAK = YES;
				CLANG_WARN_BLOCK_CAPTURE_AUTORELEASING = YES;
				CLANG_WARN_BOOL_CONVERSION = YES;
				CLANG_WARN_COMMA = YES;
				CLANG_WARN_CONSTANT_CONVERSION = YES;
				CLANG_WARN_DEPRECATED_OBJC_IMPLEMENTATIONS = YES;
				CLANG_WARN_DIRECT_OBJC_ISA_USAGE = YES_ERROR;
				CLANG_WARN_DOCUMENTATION_COMMENTS = YES;
				CLANG_WARN_EMPTY_BODY = YES;
				CLANG_WARN_ENUM_CONVERSION = YES;
				CLANG_WARN_INFINITE_RECURSION = YES;
				CLANG_WARN_INT_CONVERSION = YES;
				CLANG_WARN_NON_LITERAL_NULL_CONVERSION = YES;
				CLANG_WARN_OBJC_IMPLICIT_RETAIN_SELF = YES;
				CLANG_WARN_OBJC_LITERAL_CONVERSION = YES;
				CLANG_WARN_OBJC_ROOT_CLASS = YES_ERROR;
				CLANG_WARN_RANGE_LOOP_ANALYSIS = YES;
				CLANG_WARN_STRICT_PROTOTYPES = YES;
				CLANG_WARN_SUSPICIOUS_MOVE = YES;
				CLANG_WARN_UNGUARDED_AVAILABILITY = YES_AGGRESSIVE;
				CLANG_WARN_UNREACHABLE_CODE = YES;
				CLANG_WARN__DUPLICATE_METHOD_MATCH = YES;
				CODE_SIGN_IDENTITY = "iPhone Developer";
				COPY_PHASE_STRIP = NO;
				DEBUG_INFORMATION_FORMAT = dwarf;
				ENABLE_STRICT_OBJC_MSGSEND = YES;
				ENABLE_TESTABILITY = YES;
				GCC_C_LANGUAGE_STANDARD = gnu11;
				GCC_DYNAMIC_NO_PIC = NO;
				GCC_NO_COMMON_BLOCKS = YES;
				GCC_OPTIMIZATION_LEVEL = 0;
				GCC_PREPROCESSOR_DEFINITIONS = (
					"DEBUG=1",
					"$(inherited)",
				);
				GCC_WARN_64_TO_32_BIT_CONVERSION = YES;
				GCC_WARN_ABOUT_RETURN_TYPE = YES_ERROR;
				GCC_WARN_UNDECLARED_SELECTOR = YES;
				GCC_WARN_UNINITIALIZED_AUTOS = YES_AGGRESSIVE;
				GCC_WARN_UNUSED_FUNCTION = YES;
				GCC_WARN_UNUSED_VARIABLE = YES;
				IPHONEOS_DEPLOYMENT_TARGET = 12.2;
				MTL_ENABLE_DEBUG_INFO = INCLUDE_SOURCE;
				MTL_FAST_MATH = YES;
				ONLY_ACTIVE_ARCH = YES;
				SDKROOT = iphoneos;
				SWIFT_ACTIVE_COMPILATION_CONDITIONS = DEBUG;
				SWIFT_OPTIMIZATION_LEVEL = "-Onone";
			};
			name = Debug;
		};
		270457D722D101B600258912 /* Release */ = {
			isa = XCBuildConfiguration;
			buildSettings = {
				ALWAYS_SEARCH_USER_PATHS = NO;
				CLANG_ANALYZER_NONNULL = YES;
				CLANG_ANALYZER_NUMBER_OBJECT_CONVERSION = YES_AGGRESSIVE;
				CLANG_CXX_LANGUAGE_STANDARD = "gnu++14";
				CLANG_CXX_LIBRARY = "libc++";
				CLANG_ENABLE_MODULES = YES;
				CLANG_ENABLE_OBJC_ARC = YES;
				CLANG_ENABLE_OBJC_WEAK = YES;
				CLANG_WARN_BLOCK_CAPTURE_AUTORELEASING = YES;
				CLANG_WARN_BOOL_CONVERSION = YES;
				CLANG_WARN_COMMA = YES;
				CLANG_WARN_CONSTANT_CONVERSION = YES;
				CLANG_WARN_DEPRECATED_OBJC_IMPLEMENTATIONS = YES;
				CLANG_WARN_DIRECT_OBJC_ISA_USAGE = YES_ERROR;
				CLANG_WARN_DOCUMENTATION_COMMENTS = YES;
				CLANG_WARN_EMPTY_BODY = YES;
				CLANG_WARN_ENUM_CONVERSION = YES;
				CLANG_WARN_INFINITE_RECURSION = YES;
				CLANG_WARN_INT_CONVERSION = YES;
				CLANG_WARN_NON_LITERAL_NULL_CONVERSION = YES;
				CLANG_WARN_OBJC_IMPLICIT_RETAIN_SELF = YES;
				CLANG_WARN_OBJC_LITERAL_CONVERSION = YES;
				CLANG_WARN_OBJC_ROOT_CLASS = YES_ERROR;
				CLANG_WARN_RANGE_LOOP_ANALYSIS = YES;
				CLANG_WARN_STRICT_PROTOTYPES = YES;
				CLANG_WARN_SUSPICIOUS_MOVE = YES;
				CLANG_WARN_UNGUARDED_AVAILABILITY = YES_AGGRESSIVE;
				CLANG_WARN_UNREACHABLE_CODE = YES;
				CLANG_WARN__DUPLICATE_METHOD_MATCH = YES;
				CODE_SIGN_IDENTITY = "iPhone Developer";
				COPY_PHASE_STRIP = NO;
				DEBUG_INFORMATION_FORMAT = "dwarf-with-dsym";
				ENABLE_NS_ASSERTIONS = NO;
				ENABLE_STRICT_OBJC_MSGSEND = YES;
				GCC_C_LANGUAGE_STANDARD = gnu11;
				GCC_NO_COMMON_BLOCKS = YES;
				GCC_WARN_64_TO_32_BIT_CONVERSION = YES;
				GCC_WARN_ABOUT_RETURN_TYPE = YES_ERROR;
				GCC_WARN_UNDECLARED_SELECTOR = YES;
				GCC_WARN_UNINITIALIZED_AUTOS = YES_AGGRESSIVE;
				GCC_WARN_UNUSED_FUNCTION = YES;
				GCC_WARN_UNUSED_VARIABLE = YES;
				IPHONEOS_DEPLOYMENT_TARGET = 12.2;
				MTL_ENABLE_DEBUG_INFO = NO;
				MTL_FAST_MATH = YES;
				SDKROOT = iphoneos;
				SWIFT_COMPILATION_MODE = wholemodule;
				SWIFT_OPTIMIZATION_LEVEL = "-O";
				VALIDATE_PRODUCT = YES;
			};
			name = Release;
		};
		270457D922D101B600258912 /* Debug */ = {
			isa = XCBuildConfiguration;
			baseConfigurationReference = 7547A5D2414B23B1C0AB88C8 /* Pods-PokedexDemo.debug.xcconfig */;
			buildSettings = {
				ASSETCATALOG_COMPILER_APPICON_NAME = AppIcon;
				CODE_SIGN_STYLE = Automatic;
				DEVELOPMENT_TEAM = 4D4ANDB836;
				INFOPLIST_FILE = PokedexDemo/Info.plist;
				LD_RUNPATH_SEARCH_PATHS = (
					"$(inherited)",
					"@executable_path/Frameworks",
				);
				PRODUCT_BUNDLE_IDENTIFIER = com.sg.PokedexDemo;
				PRODUCT_NAME = "$(TARGET_NAME)";
				SWIFT_VERSION = 5.0;
				TARGETED_DEVICE_FAMILY = "1,2";
			};
			name = Debug;
		};
		270457DA22D101B600258912 /* Release */ = {
			isa = XCBuildConfiguration;
			baseConfigurationReference = 5439F0BDB84E2403E2035F48 /* Pods-PokedexDemo.release.xcconfig */;
			buildSettings = {
				ASSETCATALOG_COMPILER_APPICON_NAME = AppIcon;
				CODE_SIGN_STYLE = Automatic;
				DEVELOPMENT_TEAM = 4D4ANDB836;
				INFOPLIST_FILE = PokedexDemo/Info.plist;
				LD_RUNPATH_SEARCH_PATHS = (
					"$(inherited)",
					"@executable_path/Frameworks",
				);
				PRODUCT_BUNDLE_IDENTIFIER = com.sg.PokedexDemo;
				PRODUCT_NAME = "$(TARGET_NAME)";
				SWIFT_VERSION = 5.0;
				TARGETED_DEVICE_FAMILY = "1,2";
			};
			name = Release;
		};
		270457DC22D101B600258912 /* Debug */ = {
			isa = XCBuildConfiguration;
			baseConfigurationReference = B8FF81D63B75BCBA1A593268 /* Pods-PokedexDemoTests.debug.xcconfig */;
			buildSettings = {
				ALWAYS_EMBED_SWIFT_STANDARD_LIBRARIES = YES;
				BUNDLE_LOADER = "$(TEST_HOST)";
				CODE_SIGN_STYLE = Automatic;
				DEVELOPMENT_TEAM = 4D4ANDB836;
				INFOPLIST_FILE = PokedexDemoTests/Info.plist;
				LD_RUNPATH_SEARCH_PATHS = (
					"$(inherited)",
					"@executable_path/Frameworks",
					"@loader_path/Frameworks",
				);
				PRODUCT_BUNDLE_IDENTIFIER = com.sg.PokedexDemoTests;
				PRODUCT_NAME = "$(TARGET_NAME)";
				SWIFT_VERSION = 5.0;
				TARGETED_DEVICE_FAMILY = "1,2";
				TEST_HOST = "$(BUILT_PRODUCTS_DIR)/PokedexDemo.app/PokedexDemo";
			};
			name = Debug;
		};
		270457DD22D101B600258912 /* Release */ = {
			isa = XCBuildConfiguration;
			baseConfigurationReference = D17E7DD6E89320796E9F7709 /* Pods-PokedexDemoTests.release.xcconfig */;
			buildSettings = {
				ALWAYS_EMBED_SWIFT_STANDARD_LIBRARIES = YES;
				BUNDLE_LOADER = "$(TEST_HOST)";
				CODE_SIGN_STYLE = Automatic;
				DEVELOPMENT_TEAM = 4D4ANDB836;
				INFOPLIST_FILE = PokedexDemoTests/Info.plist;
				LD_RUNPATH_SEARCH_PATHS = (
					"$(inherited)",
					"@executable_path/Frameworks",
					"@loader_path/Frameworks",
				);
				PRODUCT_BUNDLE_IDENTIFIER = com.sg.PokedexDemoTests;
				PRODUCT_NAME = "$(TARGET_NAME)";
				SWIFT_VERSION = 5.0;
				TARGETED_DEVICE_FAMILY = "1,2";
				TEST_HOST = "$(BUILT_PRODUCTS_DIR)/PokedexDemo.app/PokedexDemo";
			};
			name = Release;
		};
/* End XCBuildConfiguration section */

/* Begin XCConfigurationList section */
		270457B622D101B500258912 /* Build configuration list for PBXProject "PokedexDemo" */ = {
			isa = XCConfigurationList;
			buildConfigurations = (
				270457D622D101B600258912 /* Debug */,
				270457D722D101B600258912 /* Release */,
			);
			defaultConfigurationIsVisible = 0;
			defaultConfigurationName = Release;
		};
		270457D822D101B600258912 /* Build configuration list for PBXNativeTarget "PokedexDemo" */ = {
			isa = XCConfigurationList;
			buildConfigurations = (
				270457D922D101B600258912 /* Debug */,
				270457DA22D101B600258912 /* Release */,
			);
			defaultConfigurationIsVisible = 0;
			defaultConfigurationName = Release;
		};
		270457DB22D101B600258912 /* Build configuration list for PBXNativeTarget "PokedexDemoTests" */ = {
			isa = XCConfigurationList;
			buildConfigurations = (
				270457DC22D101B600258912 /* Debug */,
				270457DD22D101B600258912 /* Release */,
			);
			defaultConfigurationIsVisible = 0;
			defaultConfigurationName = Release;
		};
/* End XCConfigurationList section */
	};
	rootObject = 270457B322D101B500258912 /* Project object */;
}
